
Microsoft Visual Studio Solution File, Format Version 12.00
# Visual Studio 2013
VisualStudioVersion = 12.0.31101.0
MinimumVisualStudioVersion = 10.0.40219.1
Project("{FAE04EC0-301F-11D3-BF4B-00C04F79EFBC}") = "AutoMocker", "AutoMocker.csproj", "{07DA64D6-D605-410D-AAC5-4F39E474A81B}"
EndProject
Project("{FAE04EC0-301F-11D3-BF4B-00C04F79EFBC}") = "AutoMocker.Tests", "..\AutoMocker.Tests\AutoMocker.Tests.csproj", "{F194B348-53BA-4AB0-BD7D-6C3BD8AB4A8E}"
EndProject
Global
	GlobalSection(SolutionConfigurationPlatforms) = preSolution
		Debug|Any CPU = Debug|Any CPU
		Release|Any CPU = Release|Any CPU
	EndGlobalSection
	GlobalSection(ProjectConfigurationPlatforms) = postSolution
		{07DA64D6-D605-410D-AAC5-4F39E474A81B}.Debug|Any CPU.ActiveCfg = Debug|Any CPU
		{07DA64D6-D605-410D-AAC5-4F39E474A81B}.Debug|Any CPU.Build.0 = Debug|Any CPU
		{07DA64D6-D605-410D-AAC5-4F39E474A81B}.Release|Any CPU.ActiveCfg = Release|Any CPU
		{07DA64D6-D605-410D-AAC5-4F39E474A81B}.Release|Any CPU.Build.0 = Release|Any CPU
		{F194B348-53BA-4AB0-BD7D-6C3BD8AB4A8E}.Debug|Any CPU.ActiveCfg = Debug|Any CPU
		{F194B348-53BA-4AB0-BD7D-6C3BD8AB4A8E}.Debug|Any CPU.Build.0 = Debug|Any CPU
		{F194B348-53BA-4AB0-BD7D-6C3BD8AB4A8E}.Release|Any CPU.ActiveCfg = Release|Any CPU
		{F194B348-53BA-4AB0-BD7D-6C3BD8AB4A8E}.Release|Any CPU.Build.0 = Release|Any CPU
	EndGlobalSection
	GlobalSection(SolutionProperties) = preSolution
		HideSolutionNode = FALSE
	EndGlobalSection
EndGlobal
